dependencies:
- name: postgres
  repository: file://../postgres
  version: 0.1.0
- name: auth-server
  repository: file://../auth-server
  version: 0.1.0
- name: oms-server
  repository: file://../oms-server
  version: 0.1.0
digest: sha256:a627b30ae92f21d88310e509dfaf2f444d04e4bb5795190bd3ea521c08b93e9c
generated: "2024-11-10T12:49:20.978046027+06:00"
